// !$*UTF8*$!
{
	archiveVersion = 1;
	classes = {
	};
	objectVersion = 56;
	objects = {

/* Begin PBXBuildFile section */
		21D6B95B2CE1012600083F4E /* AppDelegate.swift in Sources */ = {isa = PBXBuildFile; fileRef = 21D6B95A2CE1012600083F4E /* AppDelegate.swift */; };
		21D6B95D2CE1012600083F4E /* SceneDelegate.swift in Sources */ = {isa = PBXBuildFile; fileRef = 21D6B95C2CE1012600083F4E /* SceneDelegate.swift */; };
		21D6B9642CE1012D00083F4E /* Assets.xcassets in Resources */ = {isa = PBXBuildFile; fileRef = 21D6B9632CE1012D00083F4E /* Assets.xcassets */; };
		21D6B9672CE1012D00083F4E /* LaunchScreen.storyboard in Resources */ = {isa = PBXBuildFile; fileRef = 21D6B9652CE1012D00083F4E /* LaunchScreen.storyboard */; };
		21D6B9802CE102B800083F4E /* Home.storyboard in Resources */ = {isa = PBXBuildFile; fileRef = 21D6B97F2CE102B800083F4E /* Home.storyboard */; };
		21D6B9832CE102F500083F4E /* HomeViewController.swift in Sources */ = {isa = PBXBuildFile; fileRef = 21D6B9822CE102F500083F4E /* HomeViewController.swift */; };
/* End PBXBuildFile section */

/* Begin PBXFileReference section */
		21D6B9572CE1012600083F4E /* AlamofirePractice-iOS.app */ = {isa = PBXFileReference; explicitFileType = wrapper.application; includeInIndex = 0; path = "AlamofirePractice-iOS.app"; sourceTree = BUILT_PRODUCTS_DIR; };
		21D6B95A2CE1012600083F4E /* AppDelegate.swift */ = {isa = PBXFileReference; lastKnownFileType = sourcecode.swift; path = AppDelegate.swift; sourceTree = "<group>"; };
		21D6B95C2CE1012600083F4E /* SceneDelegate.swift */ = {isa = PBXFileReference; lastKnownFileType = sourcecode.swift; path = SceneDelegate.swift; sourceTree = "<group>"; };
		21D6B9632CE1012D00083F4E /* Assets.xcassets */ = {isa = PBXFileReference; lastKnownFileType = folder.assetcatalog; path = Assets.xcassets; sourceTree = "<group>"; };
		21D6B9662CE1012D00083F4E /* Base */ = {isa = PBXFileReference; lastKnownFileType = file.storyboard; name = Base; path = Base.lproj/LaunchScreen.storyboard; sourceTree = "<group>"; };
		21D6B9682CE1012D00083F4E /* Info.plist */ = {isa = PBXFileReference; lastKnownFileType = text.plist.xml; path = Info.plist; sourceTree = "<group>"; };
		21D6B97F2CE102B800083F4E /* Home.storyboard */ = {isa = PBXFileReference; lastKnownFileType = file.storyboard; path = Home.storyboard; sourceTree = "<group>"; };
		21D6B9822CE102F500083F4E /* HomeViewController.swift */ = {isa = PBXFileReference; lastKnownFileType = sourcecode.swift; path = HomeViewController.swift; sourceTree = "<group>"; };
/* End PBXFileReference section */

/* Begin PBXFrameworksBuildPhase section */
		21D6B9542CE1012600083F4E /* Frameworks */ = {
			isa = PBXFrameworksBuildPhase;
			buildActionMask = 2147483647;
			files = (
			);
			runOnlyForDeploymentPostprocessing = 0;
		};
/* End PBXFrameworksBuildPhase section */

/* Begin PBXGroup section */
		21D6B94E2CE1012600083F4E = {
			isa = PBXGroup;
			children = (
				21D6B9592CE1012600083F4E /* AlamofirePractice-iOS */,
				21D6B9582CE1012600083F4E /* Products */,
			);
			sourceTree = "<group>";
		};
		21D6B9582CE1012600083F4E /* Products */ = {
			isa = PBXGroup;
			children = (
				21D6B9572CE1012600083F4E /* AlamofirePractice-iOS.app */,
			);
			name = Products;
			sourceTree = "<group>";
		};
		21D6B9592CE1012600083F4E /* AlamofirePractice-iOS */ = {
			isa = PBXGroup;
			children = (
				21D6B9752CE101DA00083F4E /* Application */,
				21D6B9702CE1017B00083F4E /* Data */,
				21D6B9762CE1020300083F4E /* Domain */,
				21D6B97A2CE1024000083F4E /* Presentation */,
				21D6B9632CE1012D00083F4E /* Assets.xcassets */,
				21D6B9652CE1012D00083F4E /* LaunchScreen.storyboard */,
				21D6B9682CE1012D00083F4E /* Info.plist */,
			);
			path = "AlamofirePractice-iOS";
			sourceTree = "<group>";
		};
		21D6B96E2CE1014200083F4E /* DataSource */ = {
			isa = PBXGroup;
			children = (
				21D6B9722CE101A500083F4E /* Http */,
			);
			path = DataSource;
			sourceTree = "<group>";
		};
		21D6B9702CE1017B00083F4E /* Data */ = {
			isa = PBXGroup;
			children = (
				21D6B96E2CE1014200083F4E /* DataSource */,
				21D6B9712CE1018800083F4E /* Entity */,
			);
			path = Data;
			sourceTree = "<group>";
		};
		21D6B9712CE1018800083F4E /* Entity */ = {
			isa = PBXGroup;
			children = (
				21D6B9732CE101C000083F4E /* Request */,
				21D6B9742CE101C800083F4E /* Response */,
			);
			path = Entity;
			sourceTree = "<group>";
		};
		21D6B9722CE101A500083F4E /* Http */ = {
			isa = PBXGroup;
			children = (
			);
			path = Http;
			sourceTree = "<group>";
		};
		21D6B9732CE101C000083F4E /* Request */ = {
			isa = PBXGroup;
			children = (
			);
			path = Request;
			sourceTree = "<group>";
		};
		21D6B9742CE101C800083F4E /* Response */ = {
			isa = PBXGroup;
			children = (
			);
			path = Response;
			sourceTree = "<group>";
		};
		21D6B9752CE101DA00083F4E /* Application */ = {
			isa = PBXGroup;
			children = (
				21D6B95A2CE1012600083F4E /* AppDelegate.swift */,
				21D6B95C2CE1012600083F4E /* SceneDelegate.swift */,
			);
			path = Application;
			sourceTree = "<group>";
		};
		21D6B9762CE1020300083F4E /* Domain */ = {
			isa = PBXGroup;
			children = (
				21D6B9772CE1021000083F4E /* Model */,
				21D6B9782CE1021500083F4E /* UseCase */,
			);
			path = Domain;
			sourceTree = "<group>";
		};
		21D6B9772CE1021000083F4E /* Model */ = {
			isa = PBXGroup;
			children = (
			);
			path = Model;
			sourceTree = "<group>";
		};
		21D6B9782CE1021500083F4E /* UseCase */ = {
			isa = PBXGroup;
			children = (
				21D6B9792CE1022500083F4E /* Output */,
			);
			path = UseCase;
			sourceTree = "<group>";
		};
		21D6B9792CE1022500083F4E /* Output */ = {
			isa = PBXGroup;
			children = (
			);
			path = Output;
			sourceTree = "<group>";
		};
		21D6B97A2CE1024000083F4E /* Presentation */ = {
			isa = PBXGroup;
			children = (
				21D6B97B2CE1024F00083F4E /* Presenter */,
				21D6B97C2CE1025600083F4E /* Storyboard */,
				21D6B97D2CE1026A00083F4E /* ViewController */,
			);
			path = Presentation;
			sourceTree = "<group>";
		};
		21D6B97B2CE1024F00083F4E /* Presenter */ = {
			isa = PBXGroup;
			children = (
				21D6B97E2CE1028100083F4E /* Output */,
			);
			path = Presenter;
			sourceTree = "<group>";
		};
		21D6B97C2CE1025600083F4E /* Storyboard */ = {
			isa = PBXGroup;
			children = (
				21D6B97F2CE102B800083F4E /* Home.storyboard */,
			);
			path = Storyboard;
			sourceTree = "<group>";
		};
		21D6B97D2CE1026A00083F4E /* ViewController */ = {
			isa = PBXGroup;
			children = (
				21D6B9812CE102DD00083F4E /* Home */,
			);
			path = ViewController;
			sourceTree = "<group>";
		};
		21D6B97E2CE1028100083F4E /* Output */ = {
			isa = PBXGroup;
			children = (
			);
			path = Output;
			sourceTree = "<group>";
		};
		21D6B9812CE102DD00083F4E /* Home */ = {
			isa = PBXGroup;
			children = (
				21D6B9842CE1030100083F4E /* Parts */,
				21D6B9822CE102F500083F4E /* HomeViewController.swift */,
			);
			path = Home;
			sourceTree = "<group>";
		};
		21D6B9842CE1030100083F4E /* Parts */ = {
			isa = PBXGroup;
			children = (
			);
			path = Parts;
			sourceTree = "<group>";
		};
/* End PBXGroup section */

/* Begin PBXNativeTarget section */
		21D6B9562CE1012600083F4E /* AlamofirePractice-iOS */ = {
			isa = PBXNativeTarget;
			buildConfigurationList = 21D6B96B2CE1012D00083F4E /* Build configuration list for PBXNativeTarget "AlamofirePractice-iOS" */;
			buildPhases = (
				21D6B9532CE1012600083F4E /* Sources */,
				21D6B9542CE1012600083F4E /* Frameworks */,
				21D6B9552CE1012600083F4E /* Resources */,
			);
			buildRules = (
			);
			dependencies = (
			);
			name = "AlamofirePractice-iOS";
			productName = "AlamofirePractice-iOS";
			productReference = 21D6B9572CE1012600083F4E /* AlamofirePractice-iOS.app */;
			productType = "com.apple.product-type.application";
		};
/* End PBXNativeTarget section */

/* Begin PBXProject section */
		21D6B94F2CE1012600083F4E /* Project object */ = {
			isa = PBXProject;
			attributes = {
				BuildIndependentTargetsInParallel = 1;
				LastSwiftUpdateCheck = 1520;
				LastUpgradeCheck = 1520;
				TargetAttributes = {
					21D6B9562CE1012600083F4E = {
						CreatedOnToolsVersion = 15.2;
					};
				};
			};
			buildConfigurationList = 21D6B9522CE1012600083F4E /* Build configuration list for PBXProject "AlamofirePractice-iOS" */;
			compatibilityVersion = "Xcode 14.0";
			developmentRegion = en;
			hasScannedForEncodings = 0;
			knownRegions = (
				en,
				Base,
			);
			mainGroup = 21D6B94E2CE1012600083F4E;
			productRefGroup = 21D6B9582CE1012600083F4E /* Products */;
			projectDirPath = "";
			projectRoot = "";
			targets = (
				21D6B9562CE1012600083F4E /* AlamofirePractice-iOS */,
			);
		};
/* End PBXProject section */

/* Begin PBXResourcesBuildPhase section */
		21D6B9552CE1012600083F4E /* Resources */ = {
			isa = PBXResourcesBuildPhase;
			buildActionMask = 2147483647;
			files = (
				21D6B9802CE102B800083F4E /* Home.storyboard in Resources */,
				21D6B9672CE1012D00083F4E /* LaunchScreen.storyboard in Resources */,
				21D6B9642CE1012D00083F4E /* Assets.xcassets in Resources */,
			);
			runOnlyForDeploymentPostprocessing = 0;
		};
/* End PBXResourcesBuildPhase section */

/* Begin PBXSourcesBuildPhase section */
		21D6B9532CE1012600083F4E /* Sources */ = {
			isa = PBXSourcesBuildPhase;
			buildActionMask = 2147483647;
			files = (
				21D6B95B2CE1012600083F4E /* AppDelegate.swift in Sources */,
				21D6B95D2CE1012600083F4E /* SceneDelegate.swift in Sources */,
				21D6B9832CE102F500083F4E /* HomeViewController.swift in Sources */,
			);
			runOnlyForDeploymentPostprocessing = 0;
		};
/* End PBXSourcesBuildPhase section */

/* Begin PBXVariantGroup section */
		21D6B9652CE1012D00083F4E /* LaunchScreen.storyboard */ = {
			isa = PBXVariantGroup;
			children = (
				21D6B9662CE1012D00083F4E /* Base */,
			);
			name = LaunchScreen.storyboard;
			sourceTree = "<group>";
		};
/* End PBXVariantGroup section */

/* Begin XCBuildConfiguration section */
		21D6B9692CE1012D00083F4E /* Debug */ = {
			isa = XCBuildConfiguration;
			buildSettings = {
				ALWAYS_SEARCH_USER_PATHS = NO;
				ASSETCATALOG_COMPILER_GENERATE_SWIFT_ASSET_SYMBOL_EXTENSIONS = YES;
				CLANG_ANALYZER_NONNULL = YES;
				CLANG_ANALYZER_NUMBER_OBJECT_CONVERSION = YES_AGGRESSIVE;
				CLANG_CXX_LANGUAGE_STANDARD = "gnu++20";
				CLANG_ENABLE_MODULES = YES;
				CLANG_ENABLE_OBJC_ARC = YES;
				CLANG_ENABLE_OBJC_WEAK = YES;
				CLANG_WARN_BLOCK_CAPTURE_AUTORELEASING = YES;
				CLANG_WARN_BOOL_CONVERSION = YES;
				CLANG_WARN_COMMA = YES;
				CLANG_WARN_CONSTANT_CONVERSION = YES;
				CLANG_WARN_DEPRECATED_OBJC_IMPLEMENTATIONS = YES;
				CLANG_WARN_DIRECT_OBJC_ISA_USAGE = YES_ERROR;
				CLANG_WARN_DOCUMENTATION_COMMENTS = YES;
				CLANG_WARN_EMPTY_BODY = YES;
				CLANG_WARN_ENUM_CONVERSION = YES;
				CLANG_WARN_INFINITE_RECURSION = YES;
				CLANG_WARN_INT_CONVERSION = YES;
				CLANG_WARN_NON_LITERAL_NULL_CONVERSION = YES;
				CLANG_WARN_OBJC_IMPLICIT_RETAIN_SELF = YES;
				CLANG_WARN_OBJC_LITERAL_CONVERSION = YES;
				CLANG_WARN_OBJC_ROOT_CLASS = YES_ERROR;
				CLANG_WARN_QUOTED_INCLUDE_IN_FRAMEWORK_HEADER = YES;
				CLANG_WARN_RANGE_LOOP_ANALYSIS = YES;
				CLANG_WARN_STRICT_PROTOTYPES = YES;
				CLANG_WARN_SUSPICIOUS_MOVE = YES;
				CLANG_WARN_UNGUARDED_AVAILABILITY = YES_AGGRESSIVE;
				CLANG_WARN_UNREACHABLE_CODE = YES;
				CLANG_WARN__DUPLICATE_METHOD_MATCH = YES;
				COPY_PHASE_STRIP = NO;
				DEBUG_INFORMATION_FORMAT = dwarf;
				ENABLE_STRICT_OBJC_MSGSEND = YES;
				ENABLE_TESTABILITY = YES;
				ENABLE_USER_SCRIPT_SANDBOXING = YES;
				GCC_C_LANGUAGE_STANDARD = gnu17;
				GCC_DYNAMIC_NO_PIC = NO;
				GCC_NO_COMMON_BLOCKS = YES;
				GCC_OPTIMIZATION_LEVEL = 0;
				GCC_PREPROCESSOR_DEFINITIONS = (
					"DEBUG=1",
					"$(inherited)",
				);
				GCC_WARN_64_TO_32_BIT_CONVERSION = YES;
				GCC_WARN_ABOUT_RETURN_TYPE = YES_ERROR;
				GCC_WARN_UNDECLARED_SELECTOR = YES;
				GCC_WARN_UNINITIALIZED_AUTOS = YES_AGGRESSIVE;
				GCC_WARN_UNUSED_FUNCTION = YES;
				GCC_WARN_UNUSED_VARIABLE = YES;
				IPHONEOS_DEPLOYMENT_TARGET = 17.2;
				LOCALIZATION_PREFERS_STRING_CATALOGS = YES;
				MTL_ENABLE_DEBUG_INFO = INCLUDE_SOURCE;
				MTL_FAST_MATH = YES;
				ONLY_ACTIVE_ARCH = YES;
				SDKROOT = iphoneos;
				SWIFT_ACTIVE_COMPILATION_CONDITIONS = "DEBUG $(inherited)";
				SWIFT_OPTIMIZATION_LEVEL = "-Onone";
			};
			name = Debug;
		};
		21D6B96A2CE1012D00083F4E /* Release */ = {
			isa = XCBuildConfiguration;
			buildSettings = {
				ALWAYS_SEARCH_USER_PATHS = NO;
				ASSETCATALOG_COMPILER_GENERATE_SWIFT_ASSET_SYMBOL_EXTENSIONS = YES;
				CLANG_ANALYZER_NONNULL = YES;
				CLANG_ANALYZER_NUMBER_OBJECT_CONVERSION = YES_AGGRESSIVE;
				CLANG_CXX_LANGUAGE_STANDARD = "gnu++20";
				CLANG_ENABLE_MODULES = YES;
				CLANG_ENABLE_OBJC_ARC = YES;
				CLANG_ENABLE_OBJC_WEAK = YES;
				CLANG_WARN_BLOCK_CAPTURE_AUTORELEASING = YES;
				CLANG_WARN_BOOL_CONVERSION = YES;
				CLANG_WARN_COMMA = YES;
				CLANG_WARN_CONSTANT_CONVERSION = YES;
				CLANG_WARN_DEPRECATED_OBJC_IMPLEMENTATIONS = YES;
				CLANG_WARN_DIRECT_OBJC_ISA_USAGE = YES_ERROR;
				CLANG_WARN_DOCUMENTATION_COMMENTS = YES;
				CLANG_WARN_EMPTY_BODY = YES;
				CLANG_WARN_ENUM_CONVERSION = YES;
				CLANG_WARN_INFINITE_RECURSION = YES;
				CLANG_WARN_INT_CONVERSION = YES;
				CLANG_WARN_NON_LITERAL_NULL_CONVERSION = YES;
				CLANG_WARN_OBJC_IMPLICIT_RETAIN_SELF = YES;
				CLANG_WARN_OBJC_LITERAL_CONVERSION = YES;
				CLANG_WARN_OBJC_ROOT_CLASS = YES_ERROR;
				CLANG_WARN_QUOTED_INCLUDE_IN_FRAMEWORK_HEADER = YES;
				CLANG_WARN_RANGE_LOOP_ANALYSIS = YES;
				CLANG_WARN_STRICT_PROTOTYPES = YES;
				CLANG_WARN_SUSPICIOUS_MOVE = YES;
				CLANG_WARN_UNGUARDED_AVAILABILITY = YES_AGGRESSIVE;
				CLANG_WARN_UNREACHABLE_CODE = YES;
				CLANG_WARN__DUPLICATE_METHOD_MATCH = YES;
				COPY_PHASE_STRIP = NO;
				DEBUG_INFORMATION_FORMAT = "dwarf-with-dsym";
				ENABLE_NS_ASSERTIONS = NO;
				ENABLE_STRICT_OBJC_MSGSEND = YES;
				ENABLE_USER_SCRIPT_SANDBOXING = YES;
				GCC_C_LANGUAGE_STANDARD = gnu17;
				GCC_NO_COMMON_BLOCKS = YES;
				GCC_WARN_64_TO_32_BIT_CONVERSION = YES;
				GCC_WARN_ABOUT_RETURN_TYPE = YES_ERROR;
				GCC_WARN_UNDECLARED_SELECTOR = YES;
				GCC_WARN_UNINITIALIZED_AUTOS = YES_AGGRESSIVE;
				GCC_WARN_UNUSED_FUNCTION = YES;
				GCC_WARN_UNUSED_VARIABLE = YES;
				IPHONEOS_DEPLOYMENT_TARGET = 17.2;
				LOCALIZATION_PREFERS_STRING_CATALOGS = YES;
				MTL_ENABLE_DEBUG_INFO = NO;
				MTL_FAST_MATH = YES;
				SDKROOT = iphoneos;
				SWIFT_COMPILATION_MODE = wholemodule;
				VALIDATE_PRODUCT = YES;
			};
			name = Release;
		};
		21D6B96C2CE1012D00083F4E /* Debug */ = {
			isa = XCBuildConfiguration;
			buildSettings = {
				ASSETCATALOG_COMPILER_APPICON_NAME = AppIcon;
				ASSETCATALOG_COMPILER_GLOBAL_ACCENT_COLOR_NAME = AccentColor;
				CODE_SIGN_STYLE = Automatic;
				CURRENT_PROJECT_VERSION = 1;
				DEVELOPMENT_TEAM = 2WQURSS6Y6;
				GENERATE_INFOPLIST_FILE = YES;
				INFOPLIST_FILE = "AlamofirePractice-iOS/Info.plist";
				INFOPLIST_KEY_UIApplicationSupportsIndirectInputEvents = YES;
				INFOPLIST_KEY_UILaunchStoryboardName = LaunchScreen;
				INFOPLIST_KEY_UISupportedInterfaceOrientations_iPad = "UIInterfaceOrientationPortrait UIInterfaceOrientationPortraitUpsideDown UIInterfaceOrientationLandscapeLeft UIInterfaceOrientationLandscapeRight";
				INFOPLIST_KEY_UISupportedInterfaceOrientations_iPhone = "UIInterfaceOrientationPortrait UIInterfaceOrientationLandscapeLeft UIInterfaceOrientationLandscapeRight";
				LD_RUNPATH_SEARCH_PATHS = (
					"$(inherited)",
					"@executable_path/Frameworks",
				);
				MARKETING_VERSION = 1.0;
				PRODUCT_BUNDLE_IDENTIFIER = "com.sgmkhr.AlamofirePractice-iOS";
				PRODUCT_NAME = "$(TARGET_NAME)";
				SWIFT_EMIT_LOC_STRINGS = YES;
				SWIFT_VERSION = 5.0;
				TARGETED_DEVICE_FAMILY = "1,2";
			};
			name = Debug;
		};
		21D6B96D2CE1012D00083F4E /* Release */ = {
			isa = XCBuildConfiguration;
			buildSettings = {
				ASSETCATALOG_COMPILER_APPICON_NAME = AppIcon;
				ASSETCATALOG_COMPILER_GLOBAL_ACCENT_COLOR_NAME = AccentColor;
				CODE_SIGN_STYLE = Automatic;
				CURRENT_PROJECT_VERSION = 1;
				DEVELOPMENT_TEAM = 2WQURSS6Y6;
				GENERATE_INFOPLIST_FILE = YES;
				INFOPLIST_FILE = "AlamofirePractice-iOS/Info.plist";
				INFOPLIST_KEY_UIApplicationSupportsIndirectInputEvents = YES;
				INFOPLIST_KEY_UILaunchStoryboardName = LaunchScreen;
				INFOPLIST_KEY_UISupportedInterfaceOrientations_iPad = "UIInterfaceOrientationPortrait UIInterfaceOrientationPortraitUpsideDown UIInterfaceOrientationLandscapeLeft UIInterfaceOrientationLandscapeRight";
				INFOPLIST_KEY_UISupportedInterfaceOrientations_iPhone = "UIInterfaceOrientationPortrait UIInterfaceOrientationLandscapeLeft UIInterfaceOrientationLandscapeRight";
				LD_RUNPATH_SEARCH_PATHS = (
					"$(inherited)",
					"@executable_path/Frameworks",
				);
				MARKETING_VERSION = 1.0;
				PRODUCT_BUNDLE_IDENTIFIER = "com.sgmkhr.AlamofirePractice-iOS";
				PRODUCT_NAME = "$(TARGET_NAME)";
				SWIFT_EMIT_LOC_STRINGS = YES;
				SWIFT_VERSION = 5.0;
				TARGETED_DEVICE_FAMILY = "1,2";
			};
			name = Release;
		};
/* End XCBuildConfiguration section */

/* Begin XCConfigurationList section */
		21D6B9522CE1012600083F4E /* Build configuration list for PBXProject "AlamofirePractice-iOS" */ = {
			isa = XCConfigurationList;
			buildConfigurations = (
				21D6B9692CE1012D00083F4E /* Debug */,
				21D6B96A2CE1012D00083F4E /* Release */,
			);
			defaultConfigurationIsVisible = 0;
			defaultConfigurationName = Release;
		};
		21D6B96B2CE1012D00083F4E /* Build configuration list for PBXNativeTarget "AlamofirePractice-iOS" */ = {
			isa = XCConfigurationList;
			buildConfigurations = (
				21D6B96C2CE1012D00083F4E /* Debug */,
				21D6B96D2CE1012D00083F4E /* Release */,
			);
			defaultConfigurationIsVisible = 0;
			defaultConfigurationName = Release;
		};
/* End XCConfigurationList section */
	};
	rootObject = 21D6B94F2CE1012600083F4E /* Project object */;
}
